
Microsoft Visual Studio Solution File, Format Version 11.00
# Visual Studio 2010
Project("{FAE04EC0-301F-11D3-BF4B-00C04F79EFBC}") = "Primeras_Pruebas", "Primeras_Pruebas\Primeras_Pruebas.csproj", "{E09D18A1-B59E-444D-8A2B-D40341B2D158}"
EndProject
Project("{FAE04EC0-301F-11D3-BF4B-00C04F79EFBC}") = "tateti", "tateti\tateti.csproj", "{657A2155-1072-4D50-B9D0-7DCB0F499E93}"
EndProject
Global
	GlobalSection(SolutionConfigurationPlatforms) = preSolution
		Debug|x86 = Debug|x86
		Release|x86 = Release|x86
	EndGlobalSection
	GlobalSection(ProjectConfigurationPlatforms) = postSolution
		{E09D18A1-B59E-444D-8A2B-D40341B2D158}.Debug|x86.ActiveCfg = Debug|x86
		{E09D18A1-B59E-444D-8A2B-D40341B2D158}.Debug|x86.Build.0 = Debug|x86
		{E09D18A1-B59E-444D-8A2B-D40341B2D158}.Release|x86.ActiveCfg = Release|x86
		{E09D18A1-B59E-444D-8A2B-D40341B2D158}.Release|x86.Build.0 = Release|x86
		{657A2155-1072-4D50-B9D0-7DCB0F499E93}.Debug|x86.ActiveCfg = Debug|x86
		{657A2155-1072-4D50-B9D0-7DCB0F499E93}.Debug|x86.Build.0 = Debug|x86
		{657A2155-1072-4D50-B9D0-7DCB0F499E93}.Release|x86.ActiveCfg = Release|x86
		{657A2155-1072-4D50-B9D0-7DCB0F499E93}.Release|x86.Build.0 = Release|x86
	EndGlobalSection
	GlobalSection(SolutionProperties) = preSolution
		HideSolutionNode = FALSE
	EndGlobalSection
EndGlobal
